// !$*UTF8*$!
{
	archiveVersion = 1;
	classes = {
	};
	objectVersion = 50;
	objects = {

/* Begin PBXBuildFile section */
		7A00AE3A20BF361100712F76 /* DrawingTool.swift in Sources */ = {isa = PBXBuildFile; fileRef = 7A00AE3920BF361100712F76 /* DrawingTool.swift */; };
		7A00AE3C20BF3BD500712F76 /* DTLineWithPointAndAngle.swift in Sources */ = {isa = PBXBuildFile; fileRef = 7A00AE3B20BF3BD500712F76 /* DTLineWithPointAndAngle.swift */; };
		7A00AE3E20BF3DF200712F76 /* DrawingGeometry.swift in Sources */ = {isa = PBXBuildFile; fileRef = 7A00AE3D20BF3DF200712F76 /* DrawingGeometry.swift */; };
		7A00AE4020BF482E00712F76 /* Angle.swift in Sources */ = {isa = PBXBuildFile; fileRef = 7A00AE3F20BF482E00712F76 /* Angle.swift */; };
		7A21FE0A20B406BC008B0C80 /* AppDelegate.swift in Sources */ = {isa = PBXBuildFile; fileRef = 7A21FE0920B406BC008B0C80 /* AppDelegate.swift */; };
		7A21FE0C20B406BC008B0C80 /* MainViewController.swift in Sources */ = {isa = PBXBuildFile; fileRef = 7A21FE0B20B406BC008B0C80 /* MainViewController.swift */; };
		7A21FE0E20B406BC008B0C80 /* Assets.xcassets in Resources */ = {isa = PBXBuildFile; fileRef = 7A21FE0D20B406BC008B0C80 /* Assets.xcassets */; };
		7A21FE1120B406BC008B0C80 /* Main.storyboard in Resources */ = {isa = PBXBuildFile; fileRef = 7A21FE0F20B406BC008B0C80 /* Main.storyboard */; };
		7A21FE1A20B416A9008B0C80 /* MainWindowController.swift in Sources */ = {isa = PBXBuildFile; fileRef = 7A21FE1920B416A9008B0C80 /* MainWindowController.swift */; };
		7A21FE1C20B419F6008B0C80 /* MainToolbar.swift in Sources */ = {isa = PBXBuildFile; fileRef = 7A21FE1B20B419F6008B0C80 /* MainToolbar.swift */; };
		7A21FE1F20B44158008B0C80 /* MainModel.swift in Sources */ = {isa = PBXBuildFile; fileRef = 7A21FE1E20B44158008B0C80 /* MainModel.swift */; };
		7A21FE2120B442A6008B0C80 /* CMLayer.swift in Sources */ = {isa = PBXBuildFile; fileRef = 7A21FE2020B442A6008B0C80 /* CMLayer.swift */; };
		7A21FE2320B442CD008B0C80 /* CMPoint.swift in Sources */ = {isa = PBXBuildFile; fileRef = 7A21FE2220B442CD008B0C80 /* CMPoint.swift */; };
		7A21FE2520B48BCB008B0C80 /* CMCircle.swift in Sources */ = {isa = PBXBuildFile; fileRef = 7A21FE2420B48BCB008B0C80 /* CMCircle.swift */; };
		7A21FE2720B48FFC008B0C80 /* CMLine.swift in Sources */ = {isa = PBXBuildFile; fileRef = 7A21FE2620B48FFC008B0C80 /* CMLine.swift */; };
		7A21FE2C20B49BCE008B0C80 /* defaultMap.jpg in Resources */ = {isa = PBXBuildFile; fileRef = 7A21FE2B20B49BCE008B0C80 /* defaultMap.jpg */; };
		7A21FE2F20B49EDB008B0C80 /* MapView.swift in Sources */ = {isa = PBXBuildFile; fileRef = 7A21FE2E20B49EDB008B0C80 /* MapView.swift */; };
		7A21FE3120B4AAFC008B0C80 /* MapImageView.swift in Sources */ = {isa = PBXBuildFile; fileRef = 7A21FE3020B4AAFC008B0C80 /* MapImageView.swift */; };
		7A2C69D520C866CC002FFAEB /* Point.swift in Sources */ = {isa = PBXBuildFile; fileRef = 7A2C69D420C866CC002FFAEB /* Point.swift */; };
		7A2C69D720C86E76002FFAEB /* DTLineWithPointAndPoint.swift in Sources */ = {isa = PBXBuildFile; fileRef = 7A2C69D620C86E76002FFAEB /* DTLineWithPointAndPoint.swift */; };
		7A2C69DA20CD7DD3002FFAEB /* MeasureTool.swift in Sources */ = {isa = PBXBuildFile; fileRef = 7A2C69D920CD7DD3002FFAEB /* MeasureTool.swift */; };
		7A2C69DC20CD7E5E002FFAEB /* MTPointToPoint.swift in Sources */ = {isa = PBXBuildFile; fileRef = 7A2C69DB20CD7E5E002FFAEB /* MTPointToPoint.swift */; };
/* End PBXBuildFile section */

/* Begin PBXFileReference section */
		7A00AE3920BF361100712F76 /* DrawingTool.swift */ = {isa = PBXFileReference; lastKnownFileType = sourcecode.swift; path = DrawingTool.swift; sourceTree = "<group>"; };
		7A00AE3B20BF3BD500712F76 /* DTLineWithPointAndAngle.swift */ = {isa = PBXFileReference; lastKnownFileType = sourcecode.swift; path = DTLineWithPointAndAngle.swift; sourceTree = "<group>"; };
		7A00AE3D20BF3DF200712F76 /* DrawingGeometry.swift */ = {isa = PBXFileReference; lastKnownFileType = sourcecode.swift; path = DrawingGeometry.swift; sourceTree = "<group>"; };
		7A00AE3F20BF482E00712F76 /* Angle.swift */ = {isa = PBXFileReference; lastKnownFileType = sourcecode.swift; path = Angle.swift; sourceTree = "<group>"; };
		7A21FE0620B406BC008B0C80 /* ChouetteMap.app */ = {isa = PBXFileReference; explicitFileType = wrapper.application; includeInIndex = 0; path = ChouetteMap.app; sourceTree = BUILT_PRODUCTS_DIR; };
		7A21FE0920B406BC008B0C80 /* AppDelegate.swift */ = {isa = PBXFileReference; lastKnownFileType = sourcecode.swift; path = AppDelegate.swift; sourceTree = "<group>"; };
		7A21FE0B20B406BC008B0C80 /* MainViewController.swift */ = {isa = PBXFileReference; lastKnownFileType = sourcecode.swift; path = MainViewController.swift; sourceTree = "<group>"; };
		7A21FE0D20B406BC008B0C80 /* Assets.xcassets */ = {isa = PBXFileReference; lastKnownFileType = folder.assetcatalog; path = Assets.xcassets; sourceTree = "<group>"; };
		7A21FE1020B406BC008B0C80 /* Base */ = {isa = PBXFileReference; lastKnownFileType = file.storyboard; name = Base; path = Base.lproj/Main.storyboard; sourceTree = "<group>"; };
		7A21FE1220B406BC008B0C80 /* Info.plist */ = {isa = PBXFileReference; lastKnownFileType = text.plist.xml; path = Info.plist; sourceTree = "<group>"; };
		7A21FE1320B406BC008B0C80 /* ChouetteMap.entitlements */ = {isa = PBXFileReference; lastKnownFileType = text.plist.entitlements; path = ChouetteMap.entitlements; sourceTree = "<group>"; };
		7A21FE1920B416A9008B0C80 /* MainWindowController.swift */ = {isa = PBXFileReference; lastKnownFileType = sourcecode.swift; path = MainWindowController.swift; sourceTree = "<group>"; };
		7A21FE1B20B419F6008B0C80 /* MainToolbar.swift */ = {isa = PBXFileReference; lastKnownFileType = sourcecode.swift; path = MainToolbar.swift; sourceTree = "<group>"; };
		7A21FE1E20B44158008B0C80 /* MainModel.swift */ = {isa = PBXFileReference; lastKnownFileType = sourcecode.swift; path = MainModel.swift; sourceTree = "<group>"; };
		7A21FE2020B442A6008B0C80 /* CMLayer.swift */ = {isa = PBXFileReference; lastKnownFileType = sourcecode.swift; path = CMLayer.swift; sourceTree = "<group>"; };
		7A21FE2220B442CD008B0C80 /* CMPoint.swift */ = {isa = PBXFileReference; lastKnownFileType = sourcecode.swift; path = CMPoint.swift; sourceTree = "<group>"; };
		7A21FE2420B48BCB008B0C80 /* CMCircle.swift */ = {isa = PBXFileReference; lastKnownFileType = sourcecode.swift; path = CMCircle.swift; sourceTree = "<group>"; };
		7A21FE2620B48FFC008B0C80 /* CMLine.swift */ = {isa = PBXFileReference; lastKnownFileType = sourcecode.swift; path = CMLine.swift; sourceTree = "<group>"; };
		7A21FE2B20B49BCE008B0C80 /* defaultMap.jpg */ = {isa = PBXFileReference; lastKnownFileType = image.jpeg; path = defaultMap.jpg; sourceTree = "<group>"; };
		7A21FE2E20B49EDB008B0C80 /* MapView.swift */ = {isa = PBXFileReference; lastKnownFileType = sourcecode.swift; path = MapView.swift; sourceTree = "<group>"; };
		7A21FE3020B4AAFC008B0C80 /* MapImageView.swift */ = {isa = PBXFileReference; lastKnownFileType = sourcecode.swift; path = MapImageView.swift; sourceTree = "<group>"; };
		7A2C69D420C866CC002FFAEB /* Point.swift */ = {isa = PBXFileReference; lastKnownFileType = sourcecode.swift; path = Point.swift; sourceTree = "<group>"; };
		7A2C69D620C86E76002FFAEB /* DTLineWithPointAndPoint.swift */ = {isa = PBXFileReference; lastKnownFileType = sourcecode.swift; path = DTLineWithPointAndPoint.swift; sourceTree = "<group>"; };
		7A2C69D920CD7DD3002FFAEB /* MeasureTool.swift */ = {isa = PBXFileReference; lastKnownFileType = sourcecode.swift; path = MeasureTool.swift; sourceTree = "<group>"; };
		7A2C69DB20CD7E5E002FFAEB /* MTPointToPoint.swift */ = {isa = PBXFileReference; lastKnownFileType = sourcecode.swift; path = MTPointToPoint.swift; sourceTree = "<group>"; };
/* End PBXFileReference section */

/* Begin PBXFrameworksBuildPhase section */
		7A21FE0320B406BC008B0C80 /* Frameworks */ = {
			isa = PBXFrameworksBuildPhase;
			buildActionMask = 2147483647;
			files = (
			);
			runOnlyForDeploymentPostprocessing = 0;
		};
/* End PBXFrameworksBuildPhase section */

/* Begin PBXGroup section */
		7A00AE3820BF35EE00712F76 /* DrawingTools */ = {
			isa = PBXGroup;
			children = (
				7A00AE3920BF361100712F76 /* DrawingTool.swift */,
				7A00AE3B20BF3BD500712F76 /* DTLineWithPointAndAngle.swift */,
				7A2C69D620C86E76002FFAEB /* DTLineWithPointAndPoint.swift */,
				7A00AE3D20BF3DF200712F76 /* DrawingGeometry.swift */,
				7A00AE3F20BF482E00712F76 /* Angle.swift */,
				7A2C69D420C866CC002FFAEB /* Point.swift */,
			);
			path = DrawingTools;
			sourceTree = "<group>";
		};
		7A21FDFD20B406BC008B0C80 = {
			isa = PBXGroup;
			children = (
				7A21FE0820B406BC008B0C80 /* ChouetteMap */,
				7A21FE0720B406BC008B0C80 /* Products */,
			);
			sourceTree = "<group>";
		};
		7A21FE0720B406BC008B0C80 /* Products */ = {
			isa = PBXGroup;
			children = (
				7A21FE0620B406BC008B0C80 /* ChouetteMap.app */,
			);
			name = Products;
			sourceTree = "<group>";
		};
		7A21FE0820B406BC008B0C80 /* ChouetteMap */ = {
			isa = PBXGroup;
			children = (
				7A2C69D820CD7DBC002FFAEB /* MeasureTools */,
				7A00AE3820BF35EE00712F76 /* DrawingTools */,
				7A21FE2D20B49EC2008B0C80 /* Map */,
				7A21FE1D20B44139008B0C80 /* Model */,
				7A21FE0920B406BC008B0C80 /* AppDelegate.swift */,
				7A21FE1920B416A9008B0C80 /* MainWindowController.swift */,
				7A21FE0B20B406BC008B0C80 /* MainViewController.swift */,
				7A21FE1B20B419F6008B0C80 /* MainToolbar.swift */,
				7A21FE0D20B406BC008B0C80 /* Assets.xcassets */,
				7A21FE0F20B406BC008B0C80 /* Main.storyboard */,
				7A21FE1220B406BC008B0C80 /* Info.plist */,
				7A21FE2820B49B79008B0C80 /* Resources */,
				7A21FE1320B406BC008B0C80 /* ChouetteMap.entitlements */,
			);
			path = ChouetteMap;
			sourceTree = "<group>";
		};
		7A21FE1D20B44139008B0C80 /* Model */ = {
			isa = PBXGroup;
			children = (
				7A21FE1E20B44158008B0C80 /* MainModel.swift */,
				7A21FE2020B442A6008B0C80 /* CMLayer.swift */,
				7A21FE2220B442CD008B0C80 /* CMPoint.swift */,
				7A21FE2420B48BCB008B0C80 /* CMCircle.swift */,
				7A21FE2620B48FFC008B0C80 /* CMLine.swift */,
			);
			path = Model;
			sourceTree = "<group>";
		};
		7A21FE2820B49B79008B0C80 /* Resources */ = {
			isa = PBXGroup;
			children = (
				7A21FE2B20B49BCE008B0C80 /* defaultMap.jpg */,
			);
			path = Resources;
			sourceTree = "<group>";
		};
		7A21FE2D20B49EC2008B0C80 /* Map */ = {
			isa = PBXGroup;
			children = (
				7A21FE2E20B49EDB008B0C80 /* MapView.swift */,
				7A21FE3020B4AAFC008B0C80 /* MapImageView.swift */,
			);
			path = Map;
			sourceTree = "<group>";
		};
		7A2C69D820CD7DBC002FFAEB /* MeasureTools */ = {
			isa = PBXGroup;
			children = (
				7A2C69D920CD7DD3002FFAEB /* MeasureTool.swift */,
				7A2C69DB20CD7E5E002FFAEB /* MTPointToPoint.swift */,
			);
			path = MeasureTools;
			sourceTree = "<group>";
		};
/* End PBXGroup section */

/* Begin PBXNativeTarget section */
		7A21FE0520B406BC008B0C80 /* ChouetteMap */ = {
			isa = PBXNativeTarget;
			buildConfigurationList = 7A21FE1620B406BC008B0C80 /* Build configuration list for PBXNativeTarget "ChouetteMap" */;
			buildPhases = (
				7A21FE0220B406BC008B0C80 /* Sources */,
				7A21FE0320B406BC008B0C80 /* Frameworks */,
				7A21FE0420B406BC008B0C80 /* Resources */,
			);
			buildRules = (
			);
			dependencies = (
			);
			name = ChouetteMap;
			productName = ChouetteMap;
			productReference = 7A21FE0620B406BC008B0C80 /* ChouetteMap.app */;
			productType = "com.apple.product-type.application";
		};
/* End PBXNativeTarget section */

/* Begin PBXProject section */
		7A21FDFE20B406BC008B0C80 /* Project object */ = {
			isa = PBXProject;
			attributes = {
				LastSwiftUpdateCheck = 0930;
				LastUpgradeCheck = 0930;
				ORGANIZATIONNAME = "Romain Quidet";
				TargetAttributes = {
					7A21FE0520B406BC008B0C80 = {
						CreatedOnToolsVersion = 9.3;
						SystemCapabilities = {
							com.apple.Sandbox = {
								enabled = 0;
							};
						};
					};
				};
			};
			buildConfigurationList = 7A21FE0120B406BC008B0C80 /* Build configuration list for PBXProject "ChouetteMap" */;
			compatibilityVersion = "Xcode 9.3";
			developmentRegion = en;
			hasScannedForEncodings = 0;
			knownRegions = (
				en,
				Base,
			);
			mainGroup = 7A21FDFD20B406BC008B0C80;
			productRefGroup = 7A21FE0720B406BC008B0C80 /* Products */;
			projectDirPath = "";
			projectRoot = "";
			targets = (
				7A21FE0520B406BC008B0C80 /* ChouetteMap */,
			);
		};
/* End PBXProject section */

/* Begin PBXResourcesBuildPhase section */
		7A21FE0420B406BC008B0C80 /* Resources */ = {
			isa = PBXResourcesBuildPhase;
			buildActionMask = 2147483647;
			files = (
				7A21FE0E20B406BC008B0C80 /* Assets.xcassets in Resources */,
				7A21FE1120B406BC008B0C80 /* Main.storyboard in Resources */,
				7A21FE2C20B49BCE008B0C80 /* defaultMap.jpg in Resources */,
			);
			runOnlyForDeploymentPostprocessing = 0;
		};
/* End PBXResourcesBuildPhase section */

/* Begin PBXSourcesBuildPhase section */
		7A21FE0220B406BC008B0C80 /* Sources */ = {
			isa = PBXSourcesBuildPhase;
			buildActionMask = 2147483647;
			files = (
				7A2C69D520C866CC002FFAEB /* Point.swift in Sources */,
				7A21FE1C20B419F6008B0C80 /* MainToolbar.swift in Sources */,
				7A00AE4020BF482E00712F76 /* Angle.swift in Sources */,
				7A21FE0C20B406BC008B0C80 /* MainViewController.swift in Sources */,
				7A21FE0A20B406BC008B0C80 /* AppDelegate.swift in Sources */,
				7A21FE2720B48FFC008B0C80 /* CMLine.swift in Sources */,
				7A00AE3C20BF3BD500712F76 /* DTLineWithPointAndAngle.swift in Sources */,
				7A21FE2520B48BCB008B0C80 /* CMCircle.swift in Sources */,
				7A2C69DC20CD7E5E002FFAEB /* MTPointToPoint.swift in Sources */,
				7A21FE2320B442CD008B0C80 /* CMPoint.swift in Sources */,
				7A21FE2120B442A6008B0C80 /* CMLayer.swift in Sources */,
				7A00AE3E20BF3DF200712F76 /* DrawingGeometry.swift in Sources */,
				7A21FE2F20B49EDB008B0C80 /* MapView.swift in Sources */,
				7A2C69DA20CD7DD3002FFAEB /* MeasureTool.swift in Sources */,
				7A21FE3120B4AAFC008B0C80 /* MapImageView.swift in Sources */,
				7A21FE1F20B44158008B0C80 /* MainModel.swift in Sources */,
				7A2C69D720C86E76002FFAEB /* DTLineWithPointAndPoint.swift in Sources */,
				7A00AE3A20BF361100712F76 /* DrawingTool.swift in Sources */,
				7A21FE1A20B416A9008B0C80 /* MainWindowController.swift in Sources */,
			);
			runOnlyForDeploymentPostprocessing = 0;
		};
/* End PBXSourcesBuildPhase section */

/* Begin PBXVariantGroup section */
		7A21FE0F20B406BC008B0C80 /* Main.storyboard */ = {
			isa = PBXVariantGroup;
			children = (
				7A21FE1020B406BC008B0C80 /* Base */,
			);
			name = Main.storyboard;
			sourceTree = "<group>";
		};
/* End PBXVariantGroup section */

/* Begin XCBuildConfiguration section */
		7A21FE1420B406BC008B0C80 /* Debug */ = {
			isa = XCBuildConfiguration;
			buildSettings = {
				ALWAYS_SEARCH_USER_PATHS = NO;
				CLANG_ANALYZER_NONNULL = YES;
				CLANG_ANALYZER_NUMBER_OBJECT_CONVERSION = YES_AGGRESSIVE;
				CLANG_CXX_LANGUAGE_STANDARD = "gnu++14";
				CLANG_CXX_LIBRARY = "libc++";
				CLANG_ENABLE_MODULES = YES;
				CLANG_ENABLE_OBJC_ARC = YES;
				CLANG_ENABLE_OBJC_WEAK = YES;
				CLANG_WARN_BLOCK_CAPTURE_AUTORELEASING = YES;
				CLANG_WARN_BOOL_CONVERSION = YES;
				CLANG_WARN_COMMA = YES;
				CLANG_WARN_CONSTANT_CONVERSION = YES;
				CLANG_WARN_DEPRECATED_OBJC_IMPLEMENTATIONS = YES;
				CLANG_WARN_DIRECT_OBJC_ISA_USAGE = YES_ERROR;
				CLANG_WARN_DOCUMENTATION_COMMENTS = YES;
				CLANG_WARN_EMPTY_BODY = YES;
				CLANG_WARN_ENUM_CONVERSION = YES;
				CLANG_WARN_INFINITE_RECURSION = YES;
				CLANG_WARN_INT_CONVERSION = YES;
				CLANG_WARN_NON_LITERAL_NULL_CONVERSION = YES;
				CLANG_WARN_OBJC_IMPLICIT_RETAIN_SELF = YES;
				CLANG_WARN_OBJC_LITERAL_CONVERSION = YES;
				CLANG_WARN_OBJC_ROOT_CLASS = YES_ERROR;
				CLANG_WARN_RANGE_LOOP_ANALYSIS = YES;
				CLANG_WARN_STRICT_PROTOTYPES = YES;
				CLANG_WARN_SUSPICIOUS_MOVE = YES;
				CLANG_WARN_UNGUARDED_AVAILABILITY = YES_AGGRESSIVE;
				CLANG_WARN_UNREACHABLE_CODE = YES;
				CLANG_WARN__DUPLICATE_METHOD_MATCH = YES;
				CODE_SIGN_IDENTITY = "Mac Developer";
				COPY_PHASE_STRIP = NO;
				DEBUG_INFORMATION_FORMAT = dwarf;
				ENABLE_STRICT_OBJC_MSGSEND = YES;
				ENABLE_TESTABILITY = YES;
				GCC_C_LANGUAGE_STANDARD = gnu11;
				GCC_DYNAMIC_NO_PIC = NO;
				GCC_NO_COMMON_BLOCKS = YES;
				GCC_OPTIMIZATION_LEVEL = 0;
				GCC_PREPROCESSOR_DEFINITIONS = (
					"DEBUG=1",
					"$(inherited)",
				);
				GCC_WARN_64_TO_32_BIT_CONVERSION = YES;
				GCC_WARN_ABOUT_RETURN_TYPE = YES_ERROR;
				GCC_WARN_UNDECLARED_SELECTOR = YES;
				GCC_WARN_UNINITIALIZED_AUTOS = YES_AGGRESSIVE;
				GCC_WARN_UNUSED_FUNCTION = YES;
				GCC_WARN_UNUSED_VARIABLE = YES;
				MACOSX_DEPLOYMENT_TARGET = 10.12;
				MTL_ENABLE_DEBUG_INFO = YES;
				ONLY_ACTIVE_ARCH = YES;
				SDKROOT = macosx;
				SWIFT_ACTIVE_COMPILATION_CONDITIONS = DEBUG;
				SWIFT_OPTIMIZATION_LEVEL = "-Onone";
			};
			name = Debug;
		};
		7A21FE1520B406BC008B0C80 /* Release */ = {
			isa = XCBuildConfiguration;
			buildSettings = {
				ALWAYS_SEARCH_USER_PATHS = NO;
				CLANG_ANALYZER_NONNULL = YES;
				CLANG_ANALYZER_NUMBER_OBJECT_CONVERSION = YES_AGGRESSIVE;
				CLANG_CXX_LANGUAGE_STANDARD = "gnu++14";
				CLANG_CXX_LIBRARY = "libc++";
				CLANG_ENABLE_MODULES = YES;
				CLANG_ENABLE_OBJC_ARC = YES;
				CLANG_ENABLE_OBJC_WEAK = YES;
				CLANG_WARN_BLOCK_CAPTURE_AUTORELEASING = YES;
				CLANG_WARN_BOOL_CONVERSION = YES;
				CLANG_WARN_COMMA = YES;
				CLANG_WARN_CONSTANT_CONVERSION = YES;
				CLANG_WARN_DEPRECATED_OBJC_IMPLEMENTATIONS = YES;
				CLANG_WARN_DIRECT_OBJC_ISA_USAGE = YES_ERROR;
				CLANG_WARN_DOCUMENTATION_COMMENTS = YES;
				CLANG_WARN_EMPTY_BODY = YES;
				CLANG_WARN_ENUM_CONVERSION = YES;
				CLANG_WARN_INFINITE_RECURSION = YES;
				CLANG_WARN_INT_CONVERSION = YES;
				CLANG_WARN_NON_LITERAL_NULL_CONVERSION = YES;
				CLANG_WARN_OBJC_IMPLICIT_RETAIN_SELF = YES;
				CLANG_WARN_OBJC_LITERAL_CONVERSION = YES;
				CLANG_WARN_OBJC_ROOT_CLASS = YES_ERROR;
				CLANG_WARN_RANGE_LOOP_ANALYSIS = YES;
				CLANG_WARN_STRICT_PROTOTYPES = YES;
				CLANG_WARN_SUSPICIOUS_MOVE = YES;
				CLANG_WARN_UNGUARDED_AVAILABILITY = YES_AGGRESSIVE;
				CLANG_WARN_UNREACHABLE_CODE = YES;
				CLANG_WARN__DUPLICATE_METHOD_MATCH = YES;
				CODE_SIGN_IDENTITY = "Mac Developer";
				COPY_PHASE_STRIP = NO;
				DEBUG_INFORMATION_FORMAT = "dwarf-with-dsym";
				ENABLE_NS_ASSERTIONS = NO;
				ENABLE_STRICT_OBJC_MSGSEND = YES;
				GCC_C_LANGUAGE_STANDARD = gnu11;
				GCC_NO_COMMON_BLOCKS = YES;
				GCC_WARN_64_TO_32_BIT_CONVERSION = YES;
				GCC_WARN_ABOUT_RETURN_TYPE = YES_ERROR;
				GCC_WARN_UNDECLARED_SELECTOR = YES;
				GCC_WARN_UNINITIALIZED_AUTOS = YES_AGGRESSIVE;
				GCC_WARN_UNUSED_FUNCTION = YES;
				GCC_WARN_UNUSED_VARIABLE = YES;
				MACOSX_DEPLOYMENT_TARGET = 10.12;
				MTL_ENABLE_DEBUG_INFO = NO;
				SDKROOT = macosx;
				SWIFT_COMPILATION_MODE = wholemodule;
				SWIFT_OPTIMIZATION_LEVEL = "-O";
			};
			name = Release;
		};
		7A21FE1720B406BC008B0C80 /* Debug */ = {
			isa = XCBuildConfiguration;
			buildSettings = {
				ASSETCATALOG_COMPILER_APPICON_NAME = AppIcon;
				CODE_SIGN_STYLE = Automatic;
				COMBINE_HIDPI_IMAGES = YES;
				DEVELOPMENT_TEAM = K66NHNFE93;
				INFOPLIST_FILE = ChouetteMap/Info.plist;
				LD_RUNPATH_SEARCH_PATHS = (
					"$(inherited)",
					"@executable_path/../Frameworks",
				);
				PRODUCT_BUNDLE_IDENTIFIER = com.xdappfactory.ChouetteMap;
				PRODUCT_NAME = "$(TARGET_NAME)";
				SWIFT_VERSION = 4.0;
			};
			name = Debug;
		};
		7A21FE1820B406BC008B0C80 /* Release */ = {
			isa = XCBuildConfiguration;
			buildSettings = {
				ASSETCATALOG_COMPILER_APPICON_NAME = AppIcon;
				CODE_SIGN_STYLE = Automatic;
				COMBINE_HIDPI_IMAGES = YES;
				DEVELOPMENT_TEAM = K66NHNFE93;
				INFOPLIST_FILE = ChouetteMap/Info.plist;
				LD_RUNPATH_SEARCH_PATHS = (
					"$(inherited)",
					"@executable_path/../Frameworks",
				);
				PRODUCT_BUNDLE_IDENTIFIER = com.xdappfactory.ChouetteMap;
				PRODUCT_NAME = "$(TARGET_NAME)";
				SWIFT_VERSION = 4.0;
			};
			name = Release;
		};
/* End XCBuildConfiguration section */

/* Begin XCConfigurationList section */
		7A21FE0120B406BC008B0C80 /* Build configuration list for PBXProject "ChouetteMap" */ = {
			isa = XCConfigurationList;
			buildConfigurations = (
				7A21FE1420B406BC008B0C80 /* Debug */,
				7A21FE1520B406BC008B0C80 /* Release */,
			);
			defaultConfigurationIsVisible = 0;
			defaultConfigurationName = Release;
		};
		7A21FE1620B406BC008B0C80 /* Build configuration list for PBXNativeTarget "ChouetteMap" */ = {
			isa = XCConfigurationList;
			buildConfigurations = (
				7A21FE1720B406BC008B0C80 /* Debug */,
				7A21FE1820B406BC008B0C80 /* Release */,
			);
			defaultConfigurationIsVisible = 0;
			defaultConfigurationName = Release;
		};
/* End XCConfigurationList section */
	};
	rootObject = 7A21FDFE20B406BC008B0C80 /* Project object */;
}
